// !$*UTF8*$!
{
	archiveVersion = 1;
	classes = {
	};
	objectVersion = 46;
	objects = {

/* Begin PBXBuildFile section */
		7E10A6751F5FCF31008E1D7B /* NewMessageController.swift in Sources */ = {isa = PBXBuildFile; fileRef = 7E10A6741F5FCF31008E1D7B /* NewMessageController.swift */; };
		7E10A6781F611569008E1D7B /* User.swift in Sources */ = {isa = PBXBuildFile; fileRef = 7E10A6771F611569008E1D7B /* User.swift */; };
		7E10A67A1F618258008E1D7B /* LoginController+handlers.swift in Sources */ = {isa = PBXBuildFile; fileRef = 7E10A6791F618258008E1D7B /* LoginController+handlers.swift */; };
		7E10AA101F5E0B940038B39A /* AppDelegate.swift in Sources */ = {isa = PBXBuildFile; fileRef = 7E10AA0F1F5E0B940038B39A /* AppDelegate.swift */; };
		7E10AA121F5E0B940038B39A /* MessagesController.swift in Sources */ = {isa = PBXBuildFile; fileRef = 7E10AA111F5E0B940038B39A /* MessagesController.swift */; };
		7E10AA151F5E0B940038B39A /* Main.storyboard in Resources */ = {isa = PBXBuildFile; fileRef = 7E10AA131F5E0B940038B39A /* Main.storyboard */; };
		7E10AA171F5E0B940038B39A /* Assets.xcassets in Resources */ = {isa = PBXBuildFile; fileRef = 7E10AA161F5E0B940038B39A /* Assets.xcassets */; };
		7E10AA1A1F5E0B940038B39A /* LaunchScreen.storyboard in Resources */ = {isa = PBXBuildFile; fileRef = 7E10AA181F5E0B940038B39A /* LaunchScreen.storyboard */; };
		7E10AA231F5E0F160038B39A /* LoginContoller.swift in Sources */ = {isa = PBXBuildFile; fileRef = 7E10AA221F5E0F160038B39A /* LoginContoller.swift */; };
		7E10AA251F5E42B80038B39A /* GoogleService-Info.plist in Resources */ = {isa = PBXBuildFile; fileRef = 7E10AA241F5E42B80038B39A /* GoogleService-Info.plist */; };
		9F3B8F13205AC272A5EDF6B3 /* Pods_firebase_chat_app.framework in Frameworks */ = {isa = PBXBuildFile; fileRef = 93A43DB0D94C3CEE5FDB62D7 /* Pods_firebase_chat_app.framework */; };
/* End PBXBuildFile section */

/* Begin PBXFileReference section */
		1BAA3042B941D6F86D4C2DEA /* Pods-firebase-chat-app.debug.xcconfig */ = {isa = PBXFileReference; includeInIndex = 1; lastKnownFileType = text.xcconfig; name = "Pods-firebase-chat-app.debug.xcconfig"; path = "Pods/Target Support Files/Pods-firebase-chat-app/Pods-firebase-chat-app.debug.xcconfig"; sourceTree = "<group>"; };
		7E10A6741F5FCF31008E1D7B /* NewMessageController.swift */ = {isa = PBXFileReference; fileEncoding = 4; lastKnownFileType = sourcecode.swift; path = NewMessageController.swift; sourceTree = "<group>"; };
		7E10A6771F611569008E1D7B /* User.swift */ = {isa = PBXFileReference; fileEncoding = 4; lastKnownFileType = sourcecode.swift; path = User.swift; sourceTree = "<group>"; };
		7E10A6791F618258008E1D7B /* LoginController+handlers.swift */ = {isa = PBXFileReference; fileEncoding = 4; lastKnownFileType = sourcecode.swift; path = "LoginController+handlers.swift"; sourceTree = "<group>"; };
		7E10AA0C1F5E0B940038B39A /* firebase-chat-app.app */ = {isa = PBXFileReference; explicitFileType = wrapper.application; includeInIndex = 0; path = "firebase-chat-app.app"; sourceTree = BUILT_PRODUCTS_DIR; };
		7E10AA0F1F5E0B940038B39A /* AppDelegate.swift */ = {isa = PBXFileReference; lastKnownFileType = sourcecode.swift; path = AppDelegate.swift; sourceTree = "<group>"; };
		7E10AA111F5E0B940038B39A /* MessagesController.swift */ = {isa = PBXFileReference; lastKnownFileType = sourcecode.swift; path = MessagesController.swift; sourceTree = "<group>"; };
		7E10AA141F5E0B940038B39A /* Base */ = {isa = PBXFileReference; lastKnownFileType = file.storyboard; name = Base; path = Base.lproj/Main.storyboard; sourceTree = "<group>"; };
		7E10AA161F5E0B940038B39A /* Assets.xcassets */ = {isa = PBXFileReference; lastKnownFileType = folder.assetcatalog; path = Assets.xcassets; sourceTree = "<group>"; };
		7E10AA191F5E0B940038B39A /* Base */ = {isa = PBXFileReference; lastKnownFileType = file.storyboard; name = Base; path = Base.lproj/LaunchScreen.storyboard; sourceTree = "<group>"; };
		7E10AA1B1F5E0B940038B39A /* Info.plist */ = {isa = PBXFileReference; lastKnownFileType = text.plist.xml; path = Info.plist; sourceTree = "<group>"; };
		7E10AA221F5E0F160038B39A /* LoginContoller.swift */ = {isa = PBXFileReference; fileEncoding = 4; lastKnownFileType = sourcecode.swift; path = LoginContoller.swift; sourceTree = "<group>"; };
		7E10AA241F5E42B80038B39A /* GoogleService-Info.plist */ = {isa = PBXFileReference; fileEncoding = 4; lastKnownFileType = text.plist.xml; name = "GoogleService-Info.plist"; path = "../GoogleService-Info.plist"; sourceTree = "<group>"; };
		93A43DB0D94C3CEE5FDB62D7 /* Pods_firebase_chat_app.framework */ = {isa = PBXFileReference; explicitFileType = wrapper.framework; includeInIndex = 0; path = Pods_firebase_chat_app.framework; sourceTree = BUILT_PRODUCTS_DIR; };
		FE125A300A416A0BEC5283A7 /* Pods-firebase-chat-app.release.xcconfig */ = {isa = PBXFileReference; includeInIndex = 1; lastKnownFileType = text.xcconfig; name = "Pods-firebase-chat-app.release.xcconfig"; path = "Pods/Target Support Files/Pods-firebase-chat-app/Pods-firebase-chat-app.release.xcconfig"; sourceTree = "<group>"; };
/* End PBXFileReference section */

/* Begin PBXFrameworksBuildPhase section */
		7E10AA091F5E0B940038B39A /* Frameworks */ = {
			isa = PBXFrameworksBuildPhase;
			buildActionMask = 2147483647;
			files = (
				9F3B8F13205AC272A5EDF6B3 /* Pods_firebase_chat_app.framework in Frameworks */,
			);
			runOnlyForDeploymentPostprocessing = 0;
		};
/* End PBXFrameworksBuildPhase section */

/* Begin PBXGroup section */
		2F385F8FB87302ED82B04329 /* Frameworks */ = {
			isa = PBXGroup;
			children = (
				93A43DB0D94C3CEE5FDB62D7 /* Pods_firebase_chat_app.framework */,
			);
			name = Frameworks;
			sourceTree = "<group>";
		};
		3B8732475E6EA05C8373E4E9 /* Pods */ = {
			isa = PBXGroup;
			children = (
				1BAA3042B941D6F86D4C2DEA /* Pods-firebase-chat-app.debug.xcconfig */,
				FE125A300A416A0BEC5283A7 /* Pods-firebase-chat-app.release.xcconfig */,
			);
			name = Pods;
			sourceTree = "<group>";
		};
		7E10A6761F611555008E1D7B /* Model */ = {
			isa = PBXGroup;
			children = (
				7E10A6771F611569008E1D7B /* User.swift */,
			);
			name = Model;
			sourceTree = "<group>";
		};
		7E10AA031F5E0B930038B39A = {
			isa = PBXGroup;
			children = (
				7E10AA0E1F5E0B940038B39A /* firebase-chat-app */,
				7E10AA0D1F5E0B940038B39A /* Products */,
				3B8732475E6EA05C8373E4E9 /* Pods */,
				2F385F8FB87302ED82B04329 /* Frameworks */,
			);
			sourceTree = "<group>";
		};
		7E10AA0D1F5E0B940038B39A /* Products */ = {
			isa = PBXGroup;
			children = (
				7E10AA0C1F5E0B940038B39A /* firebase-chat-app.app */,
			);
			name = Products;
			sourceTree = "<group>";
		};
		7E10AA0E1F5E0B940038B39A /* firebase-chat-app */ = {
			isa = PBXGroup;
			children = (
				7E10A6761F611555008E1D7B /* Model */,
				7E10AA211F5E0EED0038B39A /* Contoller */,
				7E10AA0F1F5E0B940038B39A /* AppDelegate.swift */,
				7E10AA131F5E0B940038B39A /* Main.storyboard */,
				7E10AA161F5E0B940038B39A /* Assets.xcassets */,
				7E10AA181F5E0B940038B39A /* LaunchScreen.storyboard */,
				7E10AA1B1F5E0B940038B39A /* Info.plist */,
				7E10AA241F5E42B80038B39A /* GoogleService-Info.plist */,
			);
			path = "firebase-chat-app";
			sourceTree = "<group>";
		};
		7E10AA211F5E0EED0038B39A /* Contoller */ = {
			isa = PBXGroup;
			children = (
				7E10AA221F5E0F160038B39A /* LoginContoller.swift */,
				7E10A6791F618258008E1D7B /* LoginController+handlers.swift */,
				7E10AA111F5E0B940038B39A /* MessagesController.swift */,
				7E10A6741F5FCF31008E1D7B /* NewMessageController.swift */,
			);
			name = Contoller;
			sourceTree = "<group>";
		};
/* End PBXGroup section */

/* Begin PBXNativeTarget section */
		7E10AA0B1F5E0B940038B39A /* firebase-chat-app */ = {
			isa = PBXNativeTarget;
			buildConfigurationList = 7E10AA1E1F5E0B940038B39A /* Build configuration list for PBXNativeTarget "firebase-chat-app" */;
			buildPhases = (
				F241334E318166F40BA0153A /* [CP] Check Pods Manifest.lock */,
				7E10AA081F5E0B940038B39A /* Sources */,
				7E10AA091F5E0B940038B39A /* Frameworks */,
				7E10AA0A1F5E0B940038B39A /* Resources */,
				8CEDBA2F4CEFCACB1AE5821C /* [CP] Embed Pods Frameworks */,
				5A9531B216BAEF70311D2768 /* [CP] Copy Pods Resources */,
			);
			buildRules = (
			);
			dependencies = (
			);
			name = "firebase-chat-app";
			productName = "firebase-chat-app";
			productReference = 7E10AA0C1F5E0B940038B39A /* firebase-chat-app.app */;
			productType = "com.apple.product-type.application";
		};
/* End PBXNativeTarget section */

/* Begin PBXProject section */
		7E10AA041F5E0B930038B39A /* Project object */ = {
			isa = PBXProject;
			attributes = {
				LastSwiftUpdateCheck = 0830;
				LastUpgradeCheck = 0830;
				ORGANIZATIONNAME = fatsjohonimahnn;
				TargetAttributes = {
					7E10AA0B1F5E0B940038B39A = {
						CreatedOnToolsVersion = 8.3.3;
						DevelopmentTeam = MGZJFP2D98;
						ProvisioningStyle = Automatic;
					};
				};
			};
			buildConfigurationList = 7E10AA071F5E0B930038B39A /* Build configuration list for PBXProject "firebase-chat-app" */;
			compatibilityVersion = "Xcode 3.2";
			developmentRegion = English;
			hasScannedForEncodings = 0;
			knownRegions = (
				en,
				Base,
			);
			mainGroup = 7E10AA031F5E0B930038B39A;
			productRefGroup = 7E10AA0D1F5E0B940038B39A /* Products */;
			projectDirPath = "";
			projectRoot = "";
			targets = (
				7E10AA0B1F5E0B940038B39A /* firebase-chat-app */,
			);
		};
/* End PBXProject section */

/* Begin PBXResourcesBuildPhase section */
		7E10AA0A1F5E0B940038B39A /* Resources */ = {
			isa = PBXResourcesBuildPhase;
			buildActionMask = 2147483647;
			files = (
				7E10AA1A1F5E0B940038B39A /* LaunchScreen.storyboard in Resources */,
				7E10AA251F5E42B80038B39A /* GoogleService-Info.plist in Resources */,
				7E10AA171F5E0B940038B39A /* Assets.xcassets in Resources */,
				7E10AA151F5E0B940038B39A /* Main.storyboard in Resources */,
			);
			runOnlyForDeploymentPostprocessing = 0;
		};
/* End PBXResourcesBuildPhase section */

/* Begin PBXShellScriptBuildPhase section */
		5A9531B216BAEF70311D2768 /* [CP] Copy Pods Resources */ = {
			isa = PBXShellScriptBuildPhase;
			buildActionMask = 2147483647;
			files = (
			);
			inputPaths = (
			);
			name = "[CP] Copy Pods Resources";
			outputPaths = (
			);
			runOnlyForDeploymentPostprocessing = 0;
			shellPath = /bin/sh;
			shellScript = "\"${SRCROOT}/Pods/Target Support Files/Pods-firebase-chat-app/Pods-firebase-chat-app-resources.sh\"\n";
			showEnvVarsInLog = 0;
		};
		8CEDBA2F4CEFCACB1AE5821C /* [CP] Embed Pods Frameworks */ = {
			isa = PBXShellScriptBuildPhase;
			buildActionMask = 2147483647;
			files = (
			);
			inputPaths = (
			);
			name = "[CP] Embed Pods Frameworks";
			outputPaths = (
			);
			runOnlyForDeploymentPostprocessing = 0;
			shellPath = /bin/sh;
			shellScript = "\"${SRCROOT}/Pods/Target Support Files/Pods-firebase-chat-app/Pods-firebase-chat-app-frameworks.sh\"\n";
			showEnvVarsInLog = 0;
		};
		F241334E318166F40BA0153A /* [CP] Check Pods Manifest.lock */ = {
			isa = PBXShellScriptBuildPhase;
			buildActionMask = 2147483647;
			files = (
			);
			inputPaths = (
			);
			name = "[CP] Check Pods Manifest.lock";
			outputPaths = (
			);
			runOnlyForDeploymentPostprocessing = 0;
			shellPath = /bin/sh;
			shellScript = "diff \"${PODS_ROOT}/../Podfile.lock\" \"${PODS_ROOT}/Manifest.lock\" > /dev/null\nif [ $? != 0 ] ; then\n    # print error to STDERR\n    echo \"error: The sandbox is not in sync with the Podfile.lock. Run 'pod install' or update your CocoaPods installation.\" >&2\n    exit 1\nfi\n";
			showEnvVarsInLog = 0;
		};
/* End PBXShellScriptBuildPhase section */

/* Begin PBXSourcesBuildPhase section */
		7E10AA081F5E0B940038B39A /* Sources */ = {
			isa = PBXSourcesBuildPhase;
			buildActionMask = 2147483647;
			files = (
				7E10AA121F5E0B940038B39A /* MessagesController.swift in Sources */,
				7E10AA231F5E0F160038B39A /* LoginContoller.swift in Sources */,
				7E10A67A1F618258008E1D7B /* LoginController+handlers.swift in Sources */,
				7E10A6751F5FCF31008E1D7B /* NewMessageController.swift in Sources */,
				7E10A6781F611569008E1D7B /* User.swift in Sources */,
				7E10AA101F5E0B940038B39A /* AppDelegate.swift in Sources */,
			);
			runOnlyForDeploymentPostprocessing = 0;
		};
/* End PBXSourcesBuildPhase section */

/* Begin PBXVariantGroup section */
		7E10AA131F5E0B940038B39A /* Main.storyboard */ = {
			isa = PBXVariantGroup;
			children = (
				7E10AA141F5E0B940038B39A /* Base */,
			);
			name = Main.storyboard;
			sourceTree = "<group>";
		};
		7E10AA181F5E0B940038B39A /* LaunchScreen.storyboard */ = {
			isa = PBXVariantGroup;
			children = (
				7E10AA191F5E0B940038B39A /* Base */,
			);
			name = LaunchScreen.storyboard;
			sourceTree = "<group>";
		};
/* End PBXVariantGroup section */

/* Begin XCBuildConfiguration section */
		7E10AA1C1F5E0B940038B39A /* Debug */ = {
			isa = XCBuildConfiguration;
			buildSettings = {
				ALWAYS_SEARCH_USER_PATHS = NO;
				CLANG_ANALYZER_NONNULL = YES;
				CLANG_ANALYZER_NUMBER_OBJECT_CONVERSION = YES_AGGRESSIVE;
				CLANG_CXX_LANGUAGE_STANDARD = "gnu++0x";
				CLANG_CXX_LIBRARY = "libc++";
				CLANG_ENABLE_MODULES = YES;
				CLANG_ENABLE_OBJC_ARC = YES;
				CLANG_WARN_BOOL_CONVERSION = YES;
				CLANG_WARN_CONSTANT_CONVERSION = YES;
				CLANG_WARN_DIRECT_OBJC_ISA_USAGE = YES_ERROR;
				CLANG_WARN_DOCUMENTATION_COMMENTS = YES;
				CLANG_WARN_EMPTY_BODY = YES;
				CLANG_WARN_ENUM_CONVERSION = YES;
				CLANG_WARN_INFINITE_RECURSION = YES;
				CLANG_WARN_INT_CONVERSION = YES;
				CLANG_WARN_OBJC_ROOT_CLASS = YES_ERROR;
				CLANG_WARN_SUSPICIOUS_MOVE = YES;
				CLANG_WARN_UNREACHABLE_CODE = YES;
				CLANG_WARN__DUPLICATE_METHOD_MATCH = YES;
				"CODE_SIGN_IDENTITY[sdk=iphoneos*]" = "iPhone Developer";
				COPY_PHASE_STRIP = NO;
				DEBUG_INFORMATION_FORMAT = dwarf;
				ENABLE_STRICT_OBJC_MSGSEND = YES;
				ENABLE_TESTABILITY = YES;
				GCC_C_LANGUAGE_STANDARD = gnu99;
				GCC_DYNAMIC_NO_PIC = NO;
				GCC_NO_COMMON_BLOCKS = YES;
				GCC_OPTIMIZATION_LEVEL = 0;
				GCC_PREPROCESSOR_DEFINITIONS = (
					"DEBUG=1",
					"$(inherited)",
				);
				GCC_WARN_64_TO_32_BIT_CONVERSION = YES;
				GCC_WARN_ABOUT_RETURN_TYPE = YES_ERROR;
				GCC_WARN_UNDECLARED_SELECTOR = YES;
				GCC_WARN_UNINITIALIZED_AUTOS = YES_AGGRESSIVE;
				GCC_WARN_UNUSED_FUNCTION = YES;
				GCC_WARN_UNUSED_VARIABLE = YES;
				IPHONEOS_DEPLOYMENT_TARGET = 10.3;
				MTL_ENABLE_DEBUG_INFO = YES;
				ONLY_ACTIVE_ARCH = YES;
				SDKROOT = iphoneos;
				SWIFT_ACTIVE_COMPILATION_CONDITIONS = DEBUG;
				SWIFT_OPTIMIZATION_LEVEL = "-Onone";
				TARGETED_DEVICE_FAMILY = "1,2";
			};
			name = Debug;
		};
		7E10AA1D1F5E0B940038B39A /* Release */ = {
			isa = XCBuildConfiguration;
			buildSettings = {
				ALWAYS_SEARCH_USER_PATHS = NO;
				CLANG_ANALYZER_NONNULL = YES;
				CLANG_ANALYZER_NUMBER_OBJECT_CONVERSION = YES_AGGRESSIVE;
				CLANG_CXX_LANGUAGE_STANDARD = "gnu++0x";
				CLANG_CXX_LIBRARY = "libc++";
				CLANG_ENABLE_MODULES = YES;
				CLANG_ENABLE_OBJC_ARC = YES;
				CLANG_WARN_BOOL_CONVERSION = YES;
				CLANG_WARN_CONSTANT_CONVERSION = YES;
				CLANG_WARN_DIRECT_OBJC_ISA_USAGE = YES_ERROR;
				CLANG_WARN_DOCUMENTATION_COMMENTS = YES;
				CLANG_WARN_EMPTY_BODY = YES;
				CLANG_WARN_ENUM_CONVERSION = YES;
				CLANG_WARN_INFINITE_RECURSION = YES;
				CLANG_WARN_INT_CONVERSION = YES;
				CLANG_WARN_OBJC_ROOT_CLASS = YES_ERROR;
				CLANG_WARN_SUSPICIOUS_MOVE = YES;
				CLANG_WARN_UNREACHABLE_CODE = YES;
				CLANG_WARN__DUPLICATE_METHOD_MATCH = YES;
				"CODE_SIGN_IDENTITY[sdk=iphoneos*]" = "iPhone Developer";
				COPY_PHASE_STRIP = NO;
				DEBUG_INFORMATION_FORMAT = "dwarf-with-dsym";
				ENABLE_NS_ASSERTIONS = NO;
				ENABLE_STRICT_OBJC_MSGSEND = YES;
				GCC_C_LANGUAGE_STANDARD = gnu99;
				GCC_NO_COMMON_BLOCKS = YES;
				GCC_WARN_64_TO_32_BIT_CONVERSION = YES;
				GCC_WARN_ABOUT_RETURN_TYPE = YES_ERROR;
				GCC_WARN_UNDECLARED_SELECTOR = YES;
				GCC_WARN_UNINITIALIZED_AUTOS = YES_AGGRESSIVE;
				GCC_WARN_UNUSED_FUNCTION = YES;
				GCC_WARN_UNUSED_VARIABLE = YES;
				IPHONEOS_DEPLOYMENT_TARGET = 10.3;
				MTL_ENABLE_DEBUG_INFO = NO;
				SDKROOT = iphoneos;
				SWIFT_OPTIMIZATION_LEVEL = "-Owholemodule";
				TARGETED_DEVICE_FAMILY = "1,2";
				VALIDATE_PRODUCT = YES;
			};
			name = Release;
		};
		7E10AA1F1F5E0B940038B39A /* Debug */ = {
			isa = XCBuildConfiguration;
			baseConfigurationReference = 1BAA3042B941D6F86D4C2DEA /* Pods-firebase-chat-app.debug.xcconfig */;
			buildSettings = {
				ASSETCATALOG_COMPILER_APPICON_NAME = AppIcon;
				DEVELOPMENT_TEAM = MGZJFP2D98;
				INFOPLIST_FILE = "firebase-chat-app/Info.plist";
				LD_RUNPATH_SEARCH_PATHS = "$(inherited) @executable_path/Frameworks";
				PRODUCT_BUNDLE_IDENTIFIER = com.fatsjohonimahnn.firebaseChatApp;
				PRODUCT_NAME = "$(TARGET_NAME)";
				SWIFT_VERSION = 3.0;
			};
			name = Debug;
		};
		7E10AA201F5E0B940038B39A /* Release */ = {
			isa = XCBuildConfiguration;
			baseConfigurationReference = FE125A300A416A0BEC5283A7 /* Pods-firebase-chat-app.release.xcconfig */;
			buildSettings = {
				ASSETCATALOG_COMPILER_APPICON_NAME = AppIcon;
				DEVELOPMENT_TEAM = MGZJFP2D98;
				INFOPLIST_FILE = "firebase-chat-app/Info.plist";
				LD_RUNPATH_SEARCH_PATHS = "$(inherited) @executable_path/Frameworks";
				PRODUCT_BUNDLE_IDENTIFIER = com.fatsjohonimahnn.firebaseChatApp;
				PRODUCT_NAME = "$(TARGET_NAME)";
				SWIFT_VERSION = 3.0;
			};
			name = Release;
		};
/* End XCBuildConfiguration section */

/* Begin XCConfigurationList section */
		7E10AA071F5E0B930038B39A /* Build configuration list for PBXProject "firebase-chat-app" */ = {
			isa = XCConfigurationList;
			buildConfigurations = (
				7E10AA1C1F5E0B940038B39A /* Debug */,
				7E10AA1D1F5E0B940038B39A /* Release */,
			);
			defaultConfigurationIsVisible = 0;
			defaultConfigurationName = Release;
		};
		7E10AA1E1F5E0B940038B39A /* Build configuration list for PBXNativeTarget "firebase-chat-app" */ = {
			isa = XCConfigurationList;
			buildConfigurations = (
				7E10AA1F1F5E0B940038B39A /* Debug */,
				7E10AA201F5E0B940038B39A /* Release */,
			);
			defaultConfigurationIsVisible = 0;
			defaultConfigurationName = Release;
		};
/* End XCConfigurationList section */
	};
	rootObject = 7E10AA041F5E0B930038B39A /* Project object */;
}
